
Microsoft Visual Studio Solution File, Format Version 12.00
# Visual Studio 2013
VisualStudioVersion = 12.0.21005.1
MinimumVisualStudioVersion = 10.0.40219.1
Project("{FAE04EC0-301F-11D3-BF4B-00C04F79EFBC}") = "AddressValidation", "AddressValidation\AddressValidation.csproj", "{DDE5D675-0252-4B49-9A7D-357420762308}"
EndProject
Project("{FAE04EC0-301F-11D3-BF4B-00C04F79EFBC}") = "AddressValidation.DAL", "AddressValidation.DAL\AddressValidation.DAL.csproj", "{BF794660-C669-4FDA-8AE9-5D011071AC97}"
EndProject
Global
	GlobalSection(SolutionConfigurationPlatforms) = preSolution
		Debug|Any CPU = Debug|Any CPU
		Release|Any CPU = Release|Any CPU
	EndGlobalSection
	GlobalSection(ProjectConfigurationPlatforms) = postSolution
		{DDE5D675-0252-4B49-9A7D-357420762308}.Debug|Any CPU.ActiveCfg = Debug|Any CPU
		{DDE5D675-0252-4B49-9A7D-357420762308}.Debug|Any CPU.Build.0 = Debug|Any CPU
		{DDE5D675-0252-4B49-9A7D-357420762308}.Release|Any CPU.ActiveCfg = Release|Any CPU
		{DDE5D675-0252-4B49-9A7D-357420762308}.Release|Any CPU.Build.0 = Release|Any CPU
		{BF794660-C669-4FDA-8AE9-5D011071AC97}.Debug|Any CPU.ActiveCfg = Debug|Any CPU
		{BF794660-C669-4FDA-8AE9-5D011071AC97}.Debug|Any CPU.Build.0 = Debug|Any CPU
		{BF794660-C669-4FDA-8AE9-5D011071AC97}.Release|Any CPU.ActiveCfg = Release|Any CPU
		{BF794660-C669-4FDA-8AE9-5D011071AC97}.Release|Any CPU.Build.0 = Release|Any CPU
	EndGlobalSection
	GlobalSection(SolutionProperties) = preSolution
		HideSolutionNode = FALSE
	EndGlobalSection
EndGlobal
